
Microsoft Visual Studio Solution File, Format Version 12.00
# Visual Studio 14
VisualStudioVersion = 14.0.25420.1
MinimumVisualStudioVersion = 10.0.40219.1
Project("{FAE04EC0-301F-11D3-BF4B-00C04F79EFBC}") = "TataApp.Android", "TataApp\TataApp.Android\TataApp.Android.csproj", "{2CE9FCD8-55BD-410F-BD57-4313757700A9}"
EndProject
Project("{FAE04EC0-301F-11D3-BF4B-00C04F79EFBC}") = "TataApp", "TataApp\TataApp\TataApp.csproj", "{3DF96EA7-9361-443F-8613-04D2F3AEE2D4}"
EndProject
Project("{FAE04EC0-301F-11D3-BF4B-00C04F79EFBC}") = "TataApp.iOS", "TataApp\TataApp.iOS\TataApp.iOS.csproj", "{8BA73000-B652-4343-8385-02E9A9A7364E}"
EndProject
Project("{FAE04EC0-301F-11D3-BF4B-00C04F79EFBC}") = "TataApp.Backend", "TataApp.Backend\TataApp.Backend.csproj", "{AA1524B7-1853-4C70-905C-A04EB7AC1F1F}"
EndProject
Project("{FAE04EC0-301F-11D3-BF4B-00C04F79EFBC}") = "TataApp.API", "TataApp.API\TataApp.API.csproj", "{DFD03859-5562-48F5-88E5-0356FB3398F7}"
EndProject
Project("{FAE04EC0-301F-11D3-BF4B-00C04F79EFBC}") = "TataApp.Domain", "TataApp.Domain\TataApp.Domain.csproj", "{75E1E0CE-C309-421C-9633-CF0BE72DC9F2}"
EndProject
Global
	GlobalSection(SolutionConfigurationPlatforms) = preSolution
		Ad-Hoc|Any CPU = Ad-Hoc|Any CPU
		Ad-Hoc|ARM = Ad-Hoc|ARM
		Ad-Hoc|iPhone = Ad-Hoc|iPhone
		Ad-Hoc|iPhoneSimulator = Ad-Hoc|iPhoneSimulator
		Ad-Hoc|x64 = Ad-Hoc|x64
		Ad-Hoc|x86 = Ad-Hoc|x86
		AppStore|Any CPU = AppStore|Any CPU
		AppStore|ARM = AppStore|ARM
		AppStore|iPhone = AppStore|iPhone
		AppStore|iPhoneSimulator = AppStore|iPhoneSimulator
		AppStore|x64 = AppStore|x64
		AppStore|x86 = AppStore|x86
		Debug|Any CPU = Debug|Any CPU
		Debug|ARM = Debug|ARM
		Debug|iPhone = Debug|iPhone
		Debug|iPhoneSimulator = Debug|iPhoneSimulator
		Debug|x64 = Debug|x64
		Debug|x86 = Debug|x86
		Release|Any CPU = Release|Any CPU
		Release|ARM = Release|ARM
		Release|iPhone = Release|iPhone
		Release|iPhoneSimulator = Release|iPhoneSimulator
		Release|x64 = Release|x64
		Release|x86 = Release|x86
	EndGlobalSection
	GlobalSection(ProjectConfigurationPlatforms) = postSolution
		{2CE9FCD8-55BD-410F-BD57-4313757700A9}.Ad-Hoc|Any CPU.ActiveCfg = Release|Any CPU
		{2CE9FCD8-55BD-410F-BD57-4313757700A9}.Ad-Hoc|Any CPU.Build.0 = Release|Any CPU
		{2CE9FCD8-55BD-410F-BD57-4313757700A9}.Ad-Hoc|Any CPU.Deploy.0 = Release|Any CPU
		{2CE9FCD8-55BD-410F-BD57-4313757700A9}.Ad-Hoc|ARM.ActiveCfg = Release|Any CPU
		{2CE9FCD8-55BD-410F-BD57-4313757700A9}.Ad-Hoc|ARM.Build.0 = Release|Any CPU
		{2CE9FCD8-55BD-410F-BD57-4313757700A9}.Ad-Hoc|ARM.Deploy.0 = Release|Any CPU
		{2CE9FCD8-55BD-410F-BD57-4313757700A9}.Ad-Hoc|iPhone.ActiveCfg = Release|Any CPU
		{2CE9FCD8-55BD-410F-BD57-4313757700A9}.Ad-Hoc|iPhone.Build.0 = Release|Any CPU
		{2CE9FCD8-55BD-410F-BD57-4313757700A9}.Ad-Hoc|iPhone.Deploy.0 = Release|Any CPU
		{2CE9FCD8-55BD-410F-BD57-4313757700A9}.Ad-Hoc|iPhoneSimulator.ActiveCfg = Release|Any CPU
		{2CE9FCD8-55BD-410F-BD57-4313757700A9}.Ad-Hoc|iPhoneSimulator.Build.0 = Release|Any CPU
		{2CE9FCD8-55BD-410F-BD57-4313757700A9}.Ad-Hoc|iPhoneSimulator.Deploy.0 = Release|Any CPU
		{2CE9FCD8-55BD-410F-BD57-4313757700A9}.Ad-Hoc|x64.ActiveCfg = Release|Any CPU
		{2CE9FCD8-55BD-410F-BD57-4313757700A9}.Ad-Hoc|x64.Build.0 = Release|Any CPU
		{2CE9FCD8-55BD-410F-BD57-4313757700A9}.Ad-Hoc|x64.Deploy.0 = Release|Any CPU
		{2CE9FCD8-55BD-410F-BD57-4313757700A9}.Ad-Hoc|x86.ActiveCfg = Release|Any CPU
		{2CE9FCD8-55BD-410F-BD57-4313757700A9}.Ad-Hoc|x86.Build.0 = Release|Any CPU
		{2CE9FCD8-55BD-410F-BD57-4313757700A9}.Ad-Hoc|x86.Deploy.0 = Release|Any CPU
		{2CE9FCD8-55BD-410F-BD57-4313757700A9}.AppStore|Any CPU.ActiveCfg = Release|Any CPU
		{2CE9FCD8-55BD-410F-BD57-4313757700A9}.AppStore|Any CPU.Build.0 = Release|Any CPU
		{2CE9FCD8-55BD-410F-BD57-4313757700A9}.AppStore|Any CPU.Deploy.0 = Release|Any CPU
		{2CE9FCD8-55BD-410F-BD57-4313757700A9}.AppStore|ARM.ActiveCfg = Release|Any CPU
		{2CE9FCD8-55BD-410F-BD57-4313757700A9}.AppStore|ARM.Build.0 = Release|Any CPU
		{2CE9FCD8-55BD-410F-BD57-4313757700A9}.AppStore|ARM.Deploy.0 = Release|Any CPU
		{2CE9FCD8-55BD-410F-BD57-4313757700A9}.AppStore|iPhone.ActiveCfg = Release|Any CPU
		{2CE9FCD8-55BD-410F-BD57-4313757700A9}.AppStore|iPhone.Build.0 = Release|Any CPU
		{2CE9FCD8-55BD-410F-BD57-4313757700A9}.AppStore|iPhone.Deploy.0 = Release|Any CPU
		{2CE9FCD8-55BD-410F-BD57-4313757700A9}.AppStore|iPhoneSimulator.ActiveCfg = Release|Any CPU
		{2CE9FCD8-55BD-410F-BD57-4313757700A9}.AppStore|iPhoneSimulator.Build.0 = Release|Any CPU
		{2CE9FCD8-55BD-410F-BD57-4313757700A9}.AppStore|iPhoneSimulator.Deploy.0 = Release|Any CPU
		{2CE9FCD8-55BD-410F-BD57-4313757700A9}.AppStore|x64.ActiveCfg = Release|Any CPU
		{2CE9FCD8-55BD-410F-BD57-4313757700A9}.AppStore|x64.Build.0 = Release|Any CPU
		{2CE9FCD8-55BD-410F-BD57-4313757700A9}.AppStore|x64.Deploy.0 = Release|Any CPU
		{2CE9FCD8-55BD-410F-BD57-4313757700A9}.AppStore|x86.ActiveCfg = Release|Any CPU
		{2CE9FCD8-55BD-410F-BD57-4313757700A9}.AppStore|x86.Build.0 = Release|Any CPU
		{2CE9FCD8-55BD-410F-BD57-4313757700A9}.AppStore|x86.Deploy.0 = Release|Any CPU
		{2CE9FCD8-55BD-410F-BD57-4313757700A9}.Debug|Any CPU.ActiveCfg = Debug|Any CPU
		{2CE9FCD8-55BD-410F-BD57-4313757700A9}.Debug|Any CPU.Build.0 = Debug|Any CPU
		{2CE9FCD8-55BD-410F-BD57-4313757700A9}.Debug|Any CPU.Deploy.0 = Debug|Any CPU
		{2CE9FCD8-55BD-410F-BD57-4313757700A9}.Debug|ARM.ActiveCfg = Debug|Any CPU
		{2CE9FCD8-55BD-410F-BD57-4313757700A9}.Debug|ARM.Build.0 = Debug|Any CPU
		{2CE9FCD8-55BD-410F-BD57-4313757700A9}.Debug|ARM.Deploy.0 = Debug|Any CPU
		{2CE9FCD8-55BD-410F-BD57-4313757700A9}.Debug|iPhone.ActiveCfg = Debug|Any CPU
		{2CE9FCD8-55BD-410F-BD57-4313757700A9}.Debug|iPhone.Build.0 = Debug|Any CPU
		{2CE9FCD8-55BD-410F-BD57-4313757700A9}.Debug|iPhone.Deploy.0 = Debug|Any CPU
		{2CE9FCD8-55BD-410F-BD57-4313757700A9}.Debug|iPhoneSimulator.ActiveCfg = Debug|Any CPU
		{2CE9FCD8-55BD-410F-BD57-4313757700A9}.Debug|iPhoneSimulator.Build.0 = Debug|Any CPU
		{2CE9FCD8-55BD-410F-BD57-4313757700A9}.Debug|iPhoneSimulator.Deploy.0 = Debug|Any CPU
		{2CE9FCD8-55BD-410F-BD57-4313757700A9}.Debug|x64.ActiveCfg = Debug|Any CPU
		{2CE9FCD8-55BD-410F-BD57-4313757700A9}.Debug|x64.Build.0 = Debug|Any CPU
		{2CE9FCD8-55BD-410F-BD57-4313757700A9}.Debug|x64.Deploy.0 = Debug|Any CPU
		{2CE9FCD8-55BD-410F-BD57-4313757700A9}.Debug|x86.ActiveCfg = Debug|Any CPU
		{2CE9FCD8-55BD-410F-BD57-4313757700A9}.Debug|x86.Build.0 = Debug|Any CPU
		{2CE9FCD8-55BD-410F-BD57-4313757700A9}.Debug|x86.Deploy.0 = Debug|Any CPU
		{2CE9FCD8-55BD-410F-BD57-4313757700A9}.Release|Any CPU.ActiveCfg = Release|Any CPU
		{2CE9FCD8-55BD-410F-BD57-4313757700A9}.Release|Any CPU.Build.0 = Release|Any CPU
		{2CE9FCD8-55BD-410F-BD57-4313757700A9}.Release|Any CPU.Deploy.0 = Release|Any CPU
		{2CE9FCD8-55BD-410F-BD57-4313757700A9}.Release|ARM.ActiveCfg = Release|Any CPU
		{2CE9FCD8-55BD-410F-BD57-4313757700A9}.Release|ARM.Build.0 = Release|Any CPU
		{2CE9FCD8-55BD-410F-BD57-4313757700A9}.Release|ARM.Deploy.0 = Release|Any CPU
		{2CE9FCD8-55BD-410F-BD57-4313757700A9}.Release|iPhone.ActiveCfg = Release|Any CPU
		{2CE9FCD8-55BD-410F-BD57-4313757700A9}.Release|iPhone.Build.0 = Release|Any CPU
		{2CE9FCD8-55BD-410F-BD57-4313757700A9}.Release|iPhone.Deploy.0 = Release|Any CPU
		{2CE9FCD8-55BD-410F-BD57-4313757700A9}.Release|iPhoneSimulator.ActiveCfg = Release|Any CPU
		{2CE9FCD8-55BD-410F-BD57-4313757700A9}.Release|iPhoneSimulator.Build.0 = Release|Any CPU
		{2CE9FCD8-55BD-410F-BD57-4313757700A9}.Release|iPhoneSimulator.Deploy.0 = Release|Any CPU
		{2CE9FCD8-55BD-410F-BD57-4313757700A9}.Release|x64.ActiveCfg = Release|Any CPU
		{2CE9FCD8-55BD-410F-BD57-4313757700A9}.Release|x64.Build.0 = Release|Any CPU
		{2CE9FCD8-55BD-410F-BD57-4313757700A9}.Release|x64.Deploy.0 = Release|Any CPU
		{2CE9FCD8-55BD-410F-BD57-4313757700A9}.Release|x86.ActiveCfg = Release|Any CPU
		{2CE9FCD8-55BD-410F-BD57-4313757700A9}.Release|x86.Build.0 = Release|Any CPU
		{2CE9FCD8-55BD-410F-BD57-4313757700A9}.Release|x86.Deploy.0 = Release|Any CPU
		{3DF96EA7-9361-443F-8613-04D2F3AEE2D4}.Ad-Hoc|Any CPU.ActiveCfg = Release|Any CPU
		{3DF96EA7-9361-443F-8613-04D2F3AEE2D4}.Ad-Hoc|Any CPU.Build.0 = Release|Any CPU
		{3DF96EA7-9361-443F-8613-04D2F3AEE2D4}.Ad-Hoc|ARM.ActiveCfg = Release|Any CPU
		{3DF96EA7-9361-443F-8613-04D2F3AEE2D4}.Ad-Hoc|ARM.Build.0 = Release|Any CPU
		{3DF96EA7-9361-443F-8613-04D2F3AEE2D4}.Ad-Hoc|iPhone.ActiveCfg = Release|Any CPU
		{3DF96EA7-9361-443F-8613-04D2F3AEE2D4}.Ad-Hoc|iPhone.Build.0 = Release|Any CPU
		{3DF96EA7-9361-443F-8613-04D2F3AEE2D4}.Ad-Hoc|iPhoneSimulator.ActiveCfg = Release|Any CPU
		{3DF96EA7-9361-443F-8613-04D2F3AEE2D4}.Ad-Hoc|iPhoneSimulator.Build.0 = Release|Any CPU
		{3DF96EA7-9361-443F-8613-04D2F3AEE2D4}.Ad-Hoc|x64.ActiveCfg = Release|Any CPU
		{3DF96EA7-9361-443F-8613-04D2F3AEE2D4}.Ad-Hoc|x64.Build.0 = Release|Any CPU
		{3DF96EA7-9361-443F-8613-04D2F3AEE2D4}.Ad-Hoc|x86.ActiveCfg = Release|Any CPU
		{3DF96EA7-9361-443F-8613-04D2F3AEE2D4}.Ad-Hoc|x86.Build.0 = Release|Any CPU
		{3DF96EA7-9361-443F-8613-04D2F3AEE2D4}.AppStore|Any CPU.ActiveCfg = Release|Any CPU
		{3DF96EA7-9361-443F-8613-04D2F3AEE2D4}.AppStore|Any CPU.Build.0 = Release|Any CPU
		{3DF96EA7-9361-443F-8613-04D2F3AEE2D4}.AppStore|ARM.ActiveCfg = Release|Any CPU
		{3DF96EA7-9361-443F-8613-04D2F3AEE2D4}.AppStore|ARM.Build.0 = Release|Any CPU
		{3DF96EA7-9361-443F-8613-04D2F3AEE2D4}.AppStore|iPhone.ActiveCfg = Release|Any CPU
		{3DF96EA7-9361-443F-8613-04D2F3AEE2D4}.AppStore|iPhone.Build.0 = Release|Any CPU
		{3DF96EA7-9361-443F-8613-04D2F3AEE2D4}.AppStore|iPhoneSimulator.ActiveCfg = Release|Any CPU
		{3DF96EA7-9361-443F-8613-04D2F3AEE2D4}.AppStore|iPhoneSimulator.Build.0 = Release|Any CPU
		{3DF96EA7-9361-443F-8613-04D2F3AEE2D4}.AppStore|x64.ActiveCfg = Release|Any CPU
		{3DF96EA7-9361-443F-8613-04D2F3AEE2D4}.AppStore|x64.Build.0 = Release|Any CPU
		{3DF96EA7-9361-443F-8613-04D2F3AEE2D4}.AppStore|x86.ActiveCfg = Release|Any CPU
		{3DF96EA7-9361-443F-8613-04D2F3AEE2D4}.AppStore|x86.Build.0 = Release|Any CPU
		{3DF96EA7-9361-443F-8613-04D2F3AEE2D4}.Debug|Any CPU.ActiveCfg = Debug|Any CPU
		{3DF96EA7-9361-443F-8613-04D2F3AEE2D4}.Debug|Any CPU.Build.0 = Debug|Any CPU
		{3DF96EA7-9361-443F-8613-04D2F3AEE2D4}.Debug|ARM.ActiveCfg = Debug|Any CPU
		{3DF96EA7-9361-443F-8613-04D2F3AEE2D4}.Debug|ARM.Build.0 = Debug|Any CPU
		{3DF96EA7-9361-443F-8613-04D2F3AEE2D4}.Debug|iPhone.ActiveCfg = Debug|Any CPU
		{3DF96EA7-9361-443F-8613-04D2F3AEE2D4}.Debug|iPhone.Build.0 = Debug|Any CPU
		{3DF96EA7-9361-443F-8613-04D2F3AEE2D4}.Debug|iPhoneSimulator.ActiveCfg = Debug|Any CPU
		{3DF96EA7-9361-443F-8613-04D2F3AEE2D4}.Debug|iPhoneSimulator.Build.0 = Debug|Any CPU
		{3DF96EA7-9361-443F-8613-04D2F3AEE2D4}.Debug|x64.ActiveCfg = Debug|Any CPU
		{3DF96EA7-9361-443F-8613-04D2F3AEE2D4}.Debug|x64.Build.0 = Debug|Any CPU
		{3DF96EA7-9361-443F-8613-04D2F3AEE2D4}.Debug|x86.ActiveCfg = Debug|Any CPU
		{3DF96EA7-9361-443F-8613-04D2F3AEE2D4}.Debug|x86.Build.0 = Debug|Any CPU
		{3DF96EA7-9361-443F-8613-04D2F3AEE2D4}.Release|Any CPU.ActiveCfg = Release|Any CPU
		{3DF96EA7-9361-443F-8613-04D2F3AEE2D4}.Release|Any CPU.Build.0 = Release|Any CPU
		{3DF96EA7-9361-443F-8613-04D2F3AEE2D4}.Release|ARM.ActiveCfg = Release|Any CPU
		{3DF96EA7-9361-443F-8613-04D2F3AEE2D4}.Release|ARM.Build.0 = Release|Any CPU
		{3DF96EA7-9361-443F-8613-04D2F3AEE2D4}.Release|iPhone.ActiveCfg = Release|Any CPU
		{3DF96EA7-9361-443F-8613-04D2F3AEE2D4}.Release|iPhone.Build.0 = Release|Any CPU
		{3DF96EA7-9361-443F-8613-04D2F3AEE2D4}.Release|iPhoneSimulator.ActiveCfg = Release|Any CPU
		{3DF96EA7-9361-443F-8613-04D2F3AEE2D4}.Release|iPhoneSimulator.Build.0 = Release|Any CPU
		{3DF96EA7-9361-443F-8613-04D2F3AEE2D4}.Release|x64.ActiveCfg = Release|Any CPU
		{3DF96EA7-9361-443F-8613-04D2F3AEE2D4}.Release|x64.Build.0 = Release|Any CPU
		{3DF96EA7-9361-443F-8613-04D2F3AEE2D4}.Release|x86.ActiveCfg = Release|Any CPU
		{3DF96EA7-9361-443F-8613-04D2F3AEE2D4}.Release|x86.Build.0 = Release|Any CPU
		{8BA73000-B652-4343-8385-02E9A9A7364E}.Ad-Hoc|Any CPU.ActiveCfg = Ad-Hoc|iPhone
		{8BA73000-B652-4343-8385-02E9A9A7364E}.Ad-Hoc|ARM.ActiveCfg = Ad-Hoc|iPhone
		{8BA73000-B652-4343-8385-02E9A9A7364E}.Ad-Hoc|iPhone.ActiveCfg = Ad-Hoc|iPhone
		{8BA73000-B652-4343-8385-02E9A9A7364E}.Ad-Hoc|iPhone.Build.0 = Ad-Hoc|iPhone
		{8BA73000-B652-4343-8385-02E9A9A7364E}.Ad-Hoc|iPhoneSimulator.ActiveCfg = Ad-Hoc|iPhoneSimulator
		{8BA73000-B652-4343-8385-02E9A9A7364E}.Ad-Hoc|iPhoneSimulator.Build.0 = Ad-Hoc|iPhoneSimulator
		{8BA73000-B652-4343-8385-02E9A9A7364E}.Ad-Hoc|x64.ActiveCfg = Ad-Hoc|iPhone
		{8BA73000-B652-4343-8385-02E9A9A7364E}.Ad-Hoc|x86.ActiveCfg = Ad-Hoc|iPhone
		{8BA73000-B652-4343-8385-02E9A9A7364E}.AppStore|Any CPU.ActiveCfg = AppStore|iPhone
		{8BA73000-B652-4343-8385-02E9A9A7364E}.AppStore|ARM.ActiveCfg = AppStore|iPhone
		{8BA73000-B652-4343-8385-02E9A9A7364E}.AppStore|iPhone.ActiveCfg = AppStore|iPhone
		{8BA73000-B652-4343-8385-02E9A9A7364E}.AppStore|iPhone.Build.0 = AppStore|iPhone
		{8BA73000-B652-4343-8385-02E9A9A7364E}.AppStore|iPhoneSimulator.ActiveCfg = AppStore|iPhoneSimulator
		{8BA73000-B652-4343-8385-02E9A9A7364E}.AppStore|iPhoneSimulator.Build.0 = AppStore|iPhoneSimulator
		{8BA73000-B652-4343-8385-02E9A9A7364E}.AppStore|x64.ActiveCfg = AppStore|iPhone
		{8BA73000-B652-4343-8385-02E9A9A7364E}.AppStore|x86.ActiveCfg = AppStore|iPhone
		{8BA73000-B652-4343-8385-02E9A9A7364E}.Debug|Any CPU.ActiveCfg = Debug|iPhone
		{8BA73000-B652-4343-8385-02E9A9A7364E}.Debug|ARM.ActiveCfg = Debug|iPhone
		{8BA73000-B652-4343-8385-02E9A9A7364E}.Debug|iPhone.ActiveCfg = Debug|iPhone
		{8BA73000-B652-4343-8385-02E9A9A7364E}.Debug|iPhone.Build.0 = Debug|iPhone
		{8BA73000-B652-4343-8385-02E9A9A7364E}.Debug|iPhoneSimulator.ActiveCfg = Debug|iPhoneSimulator
		{8BA73000-B652-4343-8385-02E9A9A7364E}.Debug|iPhoneSimulator.Build.0 = Debug|iPhoneSimulator
		{8BA73000-B652-4343-8385-02E9A9A7364E}.Debug|x64.ActiveCfg = Debug|iPhone
		{8BA73000-B652-4343-8385-02E9A9A7364E}.Debug|x86.ActiveCfg = Debug|iPhone
		{8BA73000-B652-4343-8385-02E9A9A7364E}.Release|Any CPU.ActiveCfg = Release|iPhone
		{8BA73000-B652-4343-8385-02E9A9A7364E}.Release|ARM.ActiveCfg = Release|iPhone
		{8BA73000-B652-4343-8385-02E9A9A7364E}.Release|iPhone.ActiveCfg = Release|iPhone
		{8BA73000-B652-4343-8385-02E9A9A7364E}.Release|iPhone.Build.0 = Release|iPhone
		{8BA73000-B652-4343-8385-02E9A9A7364E}.Release|iPhoneSimulator.ActiveCfg = Release|iPhoneSimulator
		{8BA73000-B652-4343-8385-02E9A9A7364E}.Release|iPhoneSimulator.Build.0 = Release|iPhoneSimulator
		{8BA73000-B652-4343-8385-02E9A9A7364E}.Release|x64.ActiveCfg = Release|iPhone
		{8BA73000-B652-4343-8385-02E9A9A7364E}.Release|x86.ActiveCfg = Release|iPhone
		{AA1524B7-1853-4C70-905C-A04EB7AC1F1F}.Ad-Hoc|Any CPU.ActiveCfg = Release|Any CPU
		{AA1524B7-1853-4C70-905C-A04EB7AC1F1F}.Ad-Hoc|Any CPU.Build.0 = Release|Any CPU
		{AA1524B7-1853-4C70-905C-A04EB7AC1F1F}.Ad-Hoc|ARM.ActiveCfg = Release|Any CPU
		{AA1524B7-1853-4C70-905C-A04EB7AC1F1F}.Ad-Hoc|ARM.Build.0 = Release|Any CPU
		{AA1524B7-1853-4C70-905C-A04EB7AC1F1F}.Ad-Hoc|iPhone.ActiveCfg = Release|Any CPU
		{AA1524B7-1853-4C70-905C-A04EB7AC1F1F}.Ad-Hoc|iPhone.Build.0 = Release|Any CPU
		{AA1524B7-1853-4C70-905C-A04EB7AC1F1F}.Ad-Hoc|iPhoneSimulator.ActiveCfg = Release|Any CPU
		{AA1524B7-1853-4C70-905C-A04EB7AC1F1F}.Ad-Hoc|iPhoneSimulator.Build.0 = Release|Any CPU
		{AA1524B7-1853-4C70-905C-A04EB7AC1F1F}.Ad-Hoc|x64.ActiveCfg = Release|Any CPU
		{AA1524B7-1853-4C70-905C-A04EB7AC1F1F}.Ad-Hoc|x64.Build.0 = Release|Any CPU
		{AA1524B7-1853-4C70-905C-A04EB7AC1F1F}.Ad-Hoc|x86.ActiveCfg = Release|Any CPU
		{AA1524B7-1853-4C70-905C-A04EB7AC1F1F}.Ad-Hoc|x86.Build.0 = Release|Any CPU
		{AA1524B7-1853-4C70-905C-A04EB7AC1F1F}.AppStore|Any CPU.ActiveCfg = Release|Any CPU
		{AA1524B7-1853-4C70-905C-A04EB7AC1F1F}.AppStore|Any CPU.Build.0 = Release|Any CPU
		{AA1524B7-1853-4C70-905C-A04EB7AC1F1F}.AppStore|ARM.ActiveCfg = Release|Any CPU
		{AA1524B7-1853-4C70-905C-A04EB7AC1F1F}.AppStore|ARM.Build.0 = Release|Any CPU
		{AA1524B7-1853-4C70-905C-A04EB7AC1F1F}.AppStore|iPhone.ActiveCfg = Release|Any CPU
		{AA1524B7-1853-4C70-905C-A04EB7AC1F1F}.AppStore|iPhone.Build.0 = Release|Any CPU
		{AA1524B7-1853-4C70-905C-A04EB7AC1F1F}.AppStore|iPhoneSimulator.ActiveCfg = Release|Any CPU
		{AA1524B7-1853-4C70-905C-A04EB7AC1F1F}.AppStore|iPhoneSimulator.Build.0 = Release|Any CPU
		{AA1524B7-1853-4C70-905C-A04EB7AC1F1F}.AppStore|x64.ActiveCfg = Release|Any CPU
		{AA1524B7-1853-4C70-905C-A04EB7AC1F1F}.AppStore|x64.Build.0 = Release|Any CPU
		{AA1524B7-1853-4C70-905C-A04EB7AC1F1F}.AppStore|x86.ActiveCfg = Release|Any CPU
		{AA1524B7-1853-4C70-905C-A04EB7AC1F1F}.AppStore|x86.Build.0 = Release|Any CPU
		{AA1524B7-1853-4C70-905C-A04EB7AC1F1F}.Debug|Any CPU.ActiveCfg = Debug|Any CPU
		{AA1524B7-1853-4C70-905C-A04EB7AC1F1F}.Debug|Any CPU.Build.0 = Debug|Any CPU
		{AA1524B7-1853-4C70-905C-A04EB7AC1F1F}.Debug|ARM.ActiveCfg = Debug|Any CPU
		{AA1524B7-1853-4C70-905C-A04EB7AC1F1F}.Debug|ARM.Build.0 = Debug|Any CPU
		{AA1524B7-1853-4C70-905C-A04EB7AC1F1F}.Debug|iPhone.ActiveCfg = Debug|Any CPU
		{AA1524B7-1853-4C70-905C-A04EB7AC1F1F}.Debug|iPhone.Build.0 = Debug|Any CPU
		{AA1524B7-1853-4C70-905C-A04EB7AC1F1F}.Debug|iPhoneSimulator.ActiveCfg = Debug|Any CPU
		{AA1524B7-1853-4C70-905C-A04EB7AC1F1F}.Debug|iPhoneSimulator.Build.0 = Debug|Any CPU
		{AA1524B7-1853-4C70-905C-A04EB7AC1F1F}.Debug|x64.ActiveCfg = Debug|Any CPU
		{AA1524B7-1853-4C70-905C-A04EB7AC1F1F}.Debug|x64.Build.0 = Debug|Any CPU
		{AA1524B7-1853-4C70-905C-A04EB7AC1F1F}.Debug|x86.ActiveCfg = Debug|Any CPU
		{AA1524B7-1853-4C70-905C-A04EB7AC1F1F}.Debug|x86.Build.0 = Debug|Any CPU
		{AA1524B7-1853-4C70-905C-A04EB7AC1F1F}.Release|Any CPU.ActiveCfg = Release|Any CPU
		{AA1524B7-1853-4C70-905C-A04EB7AC1F1F}.Release|Any CPU.Build.0 = Release|Any CPU
		{AA1524B7-1853-4C70-905C-A04EB7AC1F1F}.Release|ARM.ActiveCfg = Release|Any CPU
		{AA1524B7-1853-4C70-905C-A04EB7AC1F1F}.Release|ARM.Build.0 = Release|Any CPU
		{AA1524B7-1853-4C70-905C-A04EB7AC1F1F}.Release|iPhone.ActiveCfg = Release|Any CPU
		{AA1524B7-1853-4C70-905C-A04EB7AC1F1F}.Release|iPhone.Build.0 = Release|Any CPU
		{AA1524B7-1853-4C70-905C-A04EB7AC1F1F}.Release|iPhoneSimulator.ActiveCfg = Release|Any CPU
		{AA1524B7-1853-4C70-905C-A04EB7AC1F1F}.Release|iPhoneSimulator.Build.0 = Release|Any CPU
		{AA1524B7-1853-4C70-905C-A04EB7AC1F1F}.Release|x64.ActiveCfg = Release|Any CPU
		{AA1524B7-1853-4C70-905C-A04EB7AC1F1F}.Release|x64.Build.0 = Release|Any CPU
		{AA1524B7-1853-4C70-905C-A04EB7AC1F1F}.Release|x86.ActiveCfg = Release|Any CPU
		{AA1524B7-1853-4C70-905C-A04EB7AC1F1F}.Release|x86.Build.0 = Release|Any CPU
		{DFD03859-5562-48F5-88E5-0356FB3398F7}.Ad-Hoc|Any CPU.ActiveCfg = Release|Any CPU
		{DFD03859-5562-48F5-88E5-0356FB3398F7}.Ad-Hoc|Any CPU.Build.0 = Release|Any CPU
		{DFD03859-5562-48F5-88E5-0356FB3398F7}.Ad-Hoc|ARM.ActiveCfg = Release|Any CPU
		{DFD03859-5562-48F5-88E5-0356FB3398F7}.Ad-Hoc|ARM.Build.0 = Release|Any CPU
		{DFD03859-5562-48F5-88E5-0356FB3398F7}.Ad-Hoc|iPhone.ActiveCfg = Release|Any CPU
		{DFD03859-5562-48F5-88E5-0356FB3398F7}.Ad-Hoc|iPhone.Build.0 = Release|Any CPU
		{DFD03859-5562-48F5-88E5-0356FB3398F7}.Ad-Hoc|iPhoneSimulator.ActiveCfg = Release|Any CPU
		{DFD03859-5562-48F5-88E5-0356FB3398F7}.Ad-Hoc|iPhoneSimulator.Build.0 = Release|Any CPU
		{DFD03859-5562-48F5-88E5-0356FB3398F7}.Ad-Hoc|x64.ActiveCfg = Release|Any CPU
		{DFD03859-5562-48F5-88E5-0356FB3398F7}.Ad-Hoc|x64.Build.0 = Release|Any CPU
		{DFD03859-5562-48F5-88E5-0356FB3398F7}.Ad-Hoc|x86.ActiveCfg = Release|Any CPU
		{DFD03859-5562-48F5-88E5-0356FB3398F7}.Ad-Hoc|x86.Build.0 = Release|Any CPU
		{DFD03859-5562-48F5-88E5-0356FB3398F7}.AppStore|Any CPU.ActiveCfg = Release|Any CPU
		{DFD03859-5562-48F5-88E5-0356FB3398F7}.AppStore|Any CPU.Build.0 = Release|Any CPU
		{DFD03859-5562-48F5-88E5-0356FB3398F7}.AppStore|ARM.ActiveCfg = Release|Any CPU
		{DFD03859-5562-48F5-88E5-0356FB3398F7}.AppStore|ARM.Build.0 = Release|Any CPU
		{DFD03859-5562-48F5-88E5-0356FB3398F7}.AppStore|iPhone.ActiveCfg = Release|Any CPU
		{DFD03859-5562-48F5-88E5-0356FB3398F7}.AppStore|iPhone.Build.0 = Release|Any CPU
		{DFD03859-5562-48F5-88E5-0356FB3398F7}.AppStore|iPhoneSimulator.ActiveCfg = Release|Any CPU
		{DFD03859-5562-48F5-88E5-0356FB3398F7}.AppStore|iPhoneSimulator.Build.0 = Release|Any CPU
		{DFD03859-5562-48F5-88E5-0356FB3398F7}.AppStore|x64.ActiveCfg = Release|Any CPU
		{DFD03859-5562-48F5-88E5-0356FB3398F7}.AppStore|x64.Build.0 = Release|Any CPU
		{DFD03859-5562-48F5-88E5-0356FB3398F7}.AppStore|x86.ActiveCfg = Release|Any CPU
		{DFD03859-5562-48F5-88E5-0356FB3398F7}.AppStore|x86.Build.0 = Release|Any CPU
		{DFD03859-5562-48F5-88E5-0356FB3398F7}.Debug|Any CPU.ActiveCfg = Debug|Any CPU
		{DFD03859-5562-48F5-88E5-0356FB3398F7}.Debug|Any CPU.Build.0 = Debug|Any CPU
		{DFD03859-5562-48F5-88E5-0356FB3398F7}.Debug|ARM.ActiveCfg = Debug|Any CPU
		{DFD03859-5562-48F5-88E5-0356FB3398F7}.Debug|ARM.Build.0 = Debug|Any CPU
		{DFD03859-5562-48F5-88E5-0356FB3398F7}.Debug|iPhone.ActiveCfg = Debug|Any CPU
		{DFD03859-5562-48F5-88E5-0356FB3398F7}.Debug|iPhone.Build.0 = Debug|Any CPU
		{DFD03859-5562-48F5-88E5-0356FB3398F7}.Debug|iPhoneSimulator.ActiveCfg = Debug|Any CPU
		{DFD03859-5562-48F5-88E5-0356FB3398F7}.Debug|iPhoneSimulator.Build.0 = Debug|Any CPU
		{DFD03859-5562-48F5-88E5-0356FB3398F7}.Debug|x64.ActiveCfg = Debug|Any CPU
		{DFD03859-5562-48F5-88E5-0356FB3398F7}.Debug|x64.Build.0 = Debug|Any CPU
		{DFD03859-5562-48F5-88E5-0356FB3398F7}.Debug|x86.ActiveCfg = Debug|Any CPU
		{DFD03859-5562-48F5-88E5-0356FB3398F7}.Debug|x86.Build.0 = Debug|Any CPU
		{DFD03859-5562-48F5-88E5-0356FB3398F7}.Release|Any CPU.ActiveCfg = Release|Any CPU
		{DFD03859-5562-48F5-88E5-0356FB3398F7}.Release|Any CPU.Build.0 = Release|Any CPU
		{DFD03859-5562-48F5-88E5-0356FB3398F7}.Release|ARM.ActiveCfg = Release|Any CPU
		{DFD03859-5562-48F5-88E5-0356FB3398F7}.Release|ARM.Build.0 = Release|Any CPU
		{DFD03859-5562-48F5-88E5-0356FB3398F7}.Release|iPhone.ActiveCfg = Release|Any CPU
		{DFD03859-5562-48F5-88E5-0356FB3398F7}.Release|iPhone.Build.0 = Release|Any CPU
		{DFD03859-5562-48F5-88E5-0356FB3398F7}.Release|iPhoneSimulator.ActiveCfg = Release|Any CPU
		{DFD03859-5562-48F5-88E5-0356FB3398F7}.Release|iPhoneSimulator.Build.0 = Release|Any CPU
		{DFD03859-5562-48F5-88E5-0356FB3398F7}.Release|x64.ActiveCfg = Release|Any CPU
		{DFD03859-5562-48F5-88E5-0356FB3398F7}.Release|x64.Build.0 = Release|Any CPU
		{DFD03859-5562-48F5-88E5-0356FB3398F7}.Release|x86.ActiveCfg = Release|Any CPU
		{DFD03859-5562-48F5-88E5-0356FB3398F7}.Release|x86.Build.0 = Release|Any CPU
		{75E1E0CE-C309-421C-9633-CF0BE72DC9F2}.Ad-Hoc|Any CPU.ActiveCfg = Release|Any CPU
		{75E1E0CE-C309-421C-9633-CF0BE72DC9F2}.Ad-Hoc|Any CPU.Build.0 = Release|Any CPU
		{75E1E0CE-C309-421C-9633-CF0BE72DC9F2}.Ad-Hoc|ARM.ActiveCfg = Release|Any CPU
		{75E1E0CE-C309-421C-9633-CF0BE72DC9F2}.Ad-Hoc|ARM.Build.0 = Release|Any CPU
		{75E1E0CE-C309-421C-9633-CF0BE72DC9F2}.Ad-Hoc|iPhone.ActiveCfg = Release|Any CPU
		{75E1E0CE-C309-421C-9633-CF0BE72DC9F2}.Ad-Hoc|iPhone.Build.0 = Release|Any CPU
		{75E1E0CE-C309-421C-9633-CF0BE72DC9F2}.Ad-Hoc|iPhoneSimulator.ActiveCfg = Release|Any CPU
		{75E1E0CE-C309-421C-9633-CF0BE72DC9F2}.Ad-Hoc|iPhoneSimulator.Build.0 = Release|Any CPU
		{75E1E0CE-C309-421C-9633-CF0BE72DC9F2}.Ad-Hoc|x64.ActiveCfg = Release|Any CPU
		{75E1E0CE-C309-421C-9633-CF0BE72DC9F2}.Ad-Hoc|x64.Build.0 = Release|Any CPU
		{75E1E0CE-C309-421C-9633-CF0BE72DC9F2}.Ad-Hoc|x86.ActiveCfg = Release|Any CPU
		{75E1E0CE-C309-421C-9633-CF0BE72DC9F2}.Ad-Hoc|x86.Build.0 = Release|Any CPU
		{75E1E0CE-C309-421C-9633-CF0BE72DC9F2}.AppStore|Any CPU.ActiveCfg = Release|Any CPU
		{75E1E0CE-C309-421C-9633-CF0BE72DC9F2}.AppStore|Any CPU.Build.0 = Release|Any CPU
		{75E1E0CE-C309-421C-9633-CF0BE72DC9F2}.AppStore|ARM.ActiveCfg = Release|Any CPU
		{75E1E0CE-C309-421C-9633-CF0BE72DC9F2}.AppStore|ARM.Build.0 = Release|Any CPU
		{75E1E0CE-C309-421C-9633-CF0BE72DC9F2}.AppStore|iPhone.ActiveCfg = Release|Any CPU
		{75E1E0CE-C309-421C-9633-CF0BE72DC9F2}.AppStore|iPhone.Build.0 = Release|Any CPU
		{75E1E0CE-C309-421C-9633-CF0BE72DC9F2}.AppStore|iPhoneSimulator.ActiveCfg = Release|Any CPU
		{75E1E0CE-C309-421C-9633-CF0BE72DC9F2}.AppStore|iPhoneSimulator.Build.0 = Release|Any CPU
		{75E1E0CE-C309-421C-9633-CF0BE72DC9F2}.AppStore|x64.ActiveCfg = Release|Any CPU
		{75E1E0CE-C309-421C-9633-CF0BE72DC9F2}.AppStore|x64.Build.0 = Release|Any CPU
		{75E1E0CE-C309-421C-9633-CF0BE72DC9F2}.AppStore|x86.ActiveCfg = Release|Any CPU
		{75E1E0CE-C309-421C-9633-CF0BE72DC9F2}.AppStore|x86.Build.0 = Release|Any CPU
		{75E1E0CE-C309-421C-9633-CF0BE72DC9F2}.Debug|Any CPU.ActiveCfg = Debug|Any CPU
		{75E1E0CE-C309-421C-9633-CF0BE72DC9F2}.Debug|Any CPU.Build.0 = Debug|Any CPU
		{75E1E0CE-C309-421C-9633-CF0BE72DC9F2}.Debug|ARM.ActiveCfg = Debug|Any CPU
		{75E1E0CE-C309-421C-9633-CF0BE72DC9F2}.Debug|ARM.Build.0 = Debug|Any CPU
		{75E1E0CE-C309-421C-9633-CF0BE72DC9F2}.Debug|iPhone.ActiveCfg = Debug|Any CPU
		{75E1E0CE-C309-421C-9633-CF0BE72DC9F2}.Debug|iPhone.Build.0 = Debug|Any CPU
		{75E1E0CE-C309-421C-9633-CF0BE72DC9F2}.Debug|iPhoneSimulator.ActiveCfg = Debug|Any CPU
		{75E1E0CE-C309-421C-9633-CF0BE72DC9F2}.Debug|iPhoneSimulator.Build.0 = Debug|Any CPU
		{75E1E0CE-C309-421C-9633-CF0BE72DC9F2}.Debug|x64.ActiveCfg = Debug|Any CPU
		{75E1E0CE-C309-421C-9633-CF0BE72DC9F2}.Debug|x64.Build.0 = Debug|Any CPU
		{75E1E0CE-C309-421C-9633-CF0BE72DC9F2}.Debug|x86.ActiveCfg = Debug|Any CPU
		{75E1E0CE-C309-421C-9633-CF0BE72DC9F2}.Debug|x86.Build.0 = Debug|Any CPU
		{75E1E0CE-C309-421C-9633-CF0BE72DC9F2}.Release|Any CPU.ActiveCfg = Release|Any CPU
		{75E1E0CE-C309-421C-9633-CF0BE72DC9F2}.Release|Any CPU.Build.0 = Release|Any CPU
		{75E1E0CE-C309-421C-9633-CF0BE72DC9F2}.Release|ARM.ActiveCfg = Release|Any CPU
		{75E1E0CE-C309-421C-9633-CF0BE72DC9F2}.Release|ARM.Build.0 = Release|Any CPU
		{75E1E0CE-C309-421C-9633-CF0BE72DC9F2}.Release|iPhone.ActiveCfg = Release|Any CPU
		{75E1E0CE-C309-421C-9633-CF0BE72DC9F2}.Release|iPhone.Build.0 = Release|Any CPU
		{75E1E0CE-C309-421C-9633-CF0BE72DC9F2}.Release|iPhoneSimulator.ActiveCfg = Release|Any CPU
		{75E1E0CE-C309-421C-9633-CF0BE72DC9F2}.Release|iPhoneSimulator.Build.0 = Release|Any CPU
		{75E1E0CE-C309-421C-9633-CF0BE72DC9F2}.Release|x64.ActiveCfg = Release|Any CPU
		{75E1E0CE-C309-421C-9633-CF0BE72DC9F2}.Release|x64.Build.0 = Release|Any CPU
		{75E1E0CE-C309-421C-9633-CF0BE72DC9F2}.Release|x86.ActiveCfg = Release|Any CPU
		{75E1E0CE-C309-421C-9633-CF0BE72DC9F2}.Release|x86.Build.0 = Release|Any CPU
	EndGlobalSection
	GlobalSection(SolutionProperties) = preSolution
		HideSolutionNode = FALSE
	EndGlobalSection
EndGlobal
